
Microsoft Visual Studio Solution File, Format Version 12.00
# Visual Studio Version 16
VisualStudioVersion = 16.0.31025.194
MinimumVisualStudioVersion = 10.0.40219.1
Project("{9A19103F-16F7-4668-BE54-9A1E7A4F7556}") = "StackOverflowException", "StackOverflowException\StackOverflowException.csproj", "{457CDAF1-C886-4B6B-B555-582B58B84D7A}"
EndProject
Project("{FAE04EC0-301F-11D3-BF4B-00C04F79EFBC}") = "NullReferenceException", "NullReferenceException\NullReferenceException.csproj", "{A1F8C4CE-827D-4103-AED6-780F27A88120}"
EndProject
Project("{FAE04EC0-301F-11D3-BF4B-00C04F79EFBC}") = "IndexOutOfRangeException", "IndexOutOfRangeException\IndexOutOfRangeException.csproj", "{A3028752-8D9B-4256-A5E8-FF9A88A60059}"
EndProject
Project("{FAE04EC0-301F-11D3-BF4B-00C04F79EFBC}") = "DivideByZeroException", "DivideByZeroException\DivideByZeroException.csproj", "{D7758565-8724-49A5-8BAD-22AC17635FEF}"
EndProject
Project("{FAE04EC0-301F-11D3-BF4B-00C04F79EFBC}") = "InvalidCastException", "InvalidCastException\InvalidCastException.csproj", "{B343526B-E7F2-4593-B2A3-7B25AEF87753}"
EndProject
Project("{FAE04EC0-301F-11D3-BF4B-00C04F79EFBC}") = "ArgumentOutOfRangeException", "ArgumentOutOfRangeException\ArgumentOutOfRangeException.csproj", "{BEB0BFBA-319D-458D-9704-6DBCD753204E}"
EndProject
Global
	GlobalSection(SolutionConfigurationPlatforms) = preSolution
		Debug|Any CPU = Debug|Any CPU
		Release|Any CPU = Release|Any CPU
	EndGlobalSection
	GlobalSection(ProjectConfigurationPlatforms) = postSolution
		{457CDAF1-C886-4B6B-B555-582B58B84D7A}.Debug|Any CPU.ActiveCfg = Debug|Any CPU
		{457CDAF1-C886-4B6B-B555-582B58B84D7A}.Debug|Any CPU.Build.0 = Debug|Any CPU
		{457CDAF1-C886-4B6B-B555-582B58B84D7A}.Release|Any CPU.ActiveCfg = Release|Any CPU
		{457CDAF1-C886-4B6B-B555-582B58B84D7A}.Release|Any CPU.Build.0 = Release|Any CPU
		{A1F8C4CE-827D-4103-AED6-780F27A88120}.Debug|Any CPU.ActiveCfg = Debug|Any CPU
		{A1F8C4CE-827D-4103-AED6-780F27A88120}.Debug|Any CPU.Build.0 = Debug|Any CPU
		{A1F8C4CE-827D-4103-AED6-780F27A88120}.Release|Any CPU.ActiveCfg = Release|Any CPU
		{A1F8C4CE-827D-4103-AED6-780F27A88120}.Release|Any CPU.Build.0 = Release|Any CPU
		{A3028752-8D9B-4256-A5E8-FF9A88A60059}.Debug|Any CPU.ActiveCfg = Debug|Any CPU
		{A3028752-8D9B-4256-A5E8-FF9A88A60059}.Debug|Any CPU.Build.0 = Debug|Any CPU
		{A3028752-8D9B-4256-A5E8-FF9A88A60059}.Release|Any CPU.ActiveCfg = Release|Any CPU
		{A3028752-8D9B-4256-A5E8-FF9A88A60059}.Release|Any CPU.Build.0 = Release|Any CPU
		{D7758565-8724-49A5-8BAD-22AC17635FEF}.Debug|Any CPU.ActiveCfg = Debug|Any CPU
		{D7758565-8724-49A5-8BAD-22AC17635FEF}.Debug|Any CPU.Build.0 = Debug|Any CPU
		{D7758565-8724-49A5-8BAD-22AC17635FEF}.Release|Any CPU.ActiveCfg = Release|Any CPU
		{D7758565-8724-49A5-8BAD-22AC17635FEF}.Release|Any CPU.Build.0 = Release|Any CPU
		{B343526B-E7F2-4593-B2A3-7B25AEF87753}.Debug|Any CPU.ActiveCfg = Debug|Any CPU
		{B343526B-E7F2-4593-B2A3-7B25AEF87753}.Debug|Any CPU.Build.0 = Debug|Any CPU
		{B343526B-E7F2-4593-B2A3-7B25AEF87753}.Release|Any CPU.ActiveCfg = Release|Any CPU
		{B343526B-E7F2-4593-B2A3-7B25AEF87753}.Release|Any CPU.Build.0 = Release|Any CPU
		{BEB0BFBA-319D-458D-9704-6DBCD753204E}.Debug|Any CPU.ActiveCfg = Debug|Any CPU
		{BEB0BFBA-319D-458D-9704-6DBCD753204E}.Debug|Any CPU.Build.0 = Debug|Any CPU
		{BEB0BFBA-319D-458D-9704-6DBCD753204E}.Release|Any CPU.ActiveCfg = Release|Any CPU
		{BEB0BFBA-319D-458D-9704-6DBCD753204E}.Release|Any CPU.Build.0 = Release|Any CPU
	EndGlobalSection
	GlobalSection(SolutionProperties) = preSolution
		HideSolutionNode = FALSE
	EndGlobalSection
	GlobalSection(ExtensibilityGlobals) = postSolution
		SolutionGuid = {37F71EFC-0339-45CB-9A7D-D766E5A4106C}
	EndGlobalSection
EndGlobal
